// !$*UTF8*$!
{
	archiveVersion = 1;
	classes = {
	};
	objectVersion = 55;
	objects = {

/* Begin PBXBuildFile section */
		8B9381FF299D699800CB9C6E /* costcalculatorApp.swift in Sources */ = {isa = PBXBuildFile; fileRef = 8B9381EF299D699700CB9C6E /* costcalculatorApp.swift */; };
		8B938200299D699800CB9C6E /* costcalculatorApp.swift in Sources */ = {isa = PBXBuildFile; fileRef = 8B9381EF299D699700CB9C6E /* costcalculatorApp.swift */; };
		8B938201299D699800CB9C6E /* ContentView.swift in Sources */ = {isa = PBXBuildFile; fileRef = 8B9381F0299D699700CB9C6E /* ContentView.swift */; };
		8B938202299D699800CB9C6E /* ContentView.swift in Sources */ = {isa = PBXBuildFile; fileRef = 8B9381F0299D699700CB9C6E /* ContentView.swift */; };
		8B938203299D699800CB9C6E /* Assets.xcassets in Resources */ = {isa = PBXBuildFile; fileRef = 8B9381F1299D699800CB9C6E /* Assets.xcassets */; };
		8B938204299D699800CB9C6E /* Assets.xcassets in Resources */ = {isa = PBXBuildFile; fileRef = 8B9381F1299D699800CB9C6E /* Assets.xcassets */; };
		8BBCD49C299D721800615EE1 /* SwiftUIView.swift in Sources */ = {isa = PBXBuildFile; fileRef = 8BBCD49A299D721800615EE1 /* SwiftUIView.swift */; };
		8BBCD49D299D732600615EE1 /* SwiftUIView.swift in Sources */ = {isa = PBXBuildFile; fileRef = 8BBCD49A299D721800615EE1 /* SwiftUIView.swift */; };
		8BBCD49F299D733400615EE1 /* SwiftUIView2.swift in Sources */ = {isa = PBXBuildFile; fileRef = 8BBCD49E299D733400615EE1 /* SwiftUIView2.swift */; };
/* End PBXBuildFile section */

/* Begin PBXFileReference section */
		8B397DF4299D70B10031FCC3 /* costcalculator (iOS).entitlements */ = {isa = PBXFileReference; lastKnownFileType = text.plist.entitlements; path = "costcalculator (iOS).entitlements"; sourceTree = "<group>"; };
		8B397DF5299D70BF0031FCC3 /* costcalculator--iOS--Info.plist */ = {isa = PBXFileReference; lastKnownFileType = text.plist; path = "costcalculator--iOS--Info.plist"; sourceTree = "<group>"; };
		8B9381EF299D699700CB9C6E /* costcalculatorApp.swift */ = {isa = PBXFileReference; lastKnownFileType = sourcecode.swift; path = costcalculatorApp.swift; sourceTree = "<group>"; };
		8B9381F0299D699700CB9C6E /* ContentView.swift */ = {isa = PBXFileReference; lastKnownFileType = sourcecode.swift; path = ContentView.swift; sourceTree = "<group>"; };
		8B9381F1299D699800CB9C6E /* Assets.xcassets */ = {isa = PBXFileReference; lastKnownFileType = folder.assetcatalog; path = Assets.xcassets; sourceTree = "<group>"; };
		8B9381F6299D699800CB9C6E /* costcalculator.app */ = {isa = PBXFileReference; explicitFileType = wrapper.application; includeInIndex = 0; path = costcalculator.app; sourceTree = BUILT_PRODUCTS_DIR; };
		8B9381FC299D699800CB9C6E /* costcalculator.app */ = {isa = PBXFileReference; explicitFileType = wrapper.application; includeInIndex = 0; path = costcalculator.app; sourceTree = BUILT_PRODUCTS_DIR; };
		8B9381FE299D699800CB9C6E /* macOS.entitlements */ = {isa = PBXFileReference; lastKnownFileType = text.plist.entitlements; path = macOS.entitlements; sourceTree = "<group>"; };
		8BBCD49A299D721800615EE1 /* SwiftUIView.swift */ = {isa = PBXFileReference; lastKnownFileType = sourcecode.swift; path = SwiftUIView.swift; sourceTree = "<group>"; };
		8BBCD49E299D733400615EE1 /* SwiftUIView2.swift */ = {isa = PBXFileReference; lastKnownFileType = sourcecode.swift; path = SwiftUIView2.swift; sourceTree = "<group>"; };
/* End PBXFileReference section */

/* Begin PBXFrameworksBuildPhase section */
		8B9381F3299D699800CB9C6E /* Frameworks */ = {
			isa = PBXFrameworksBuildPhase;
			buildActionMask = 2147483647;
			files = (
			);
			runOnlyForDeploymentPostprocessing = 0;
		};
		8B9381F9299D699800CB9C6E /* Frameworks */ = {
			isa = PBXFrameworksBuildPhase;
			buildActionMask = 2147483647;
			files = (
			);
			runOnlyForDeploymentPostprocessing = 0;
		};
/* End PBXFrameworksBuildPhase section */

/* Begin PBXGroup section */
		8B9381E9299D699700CB9C6E = {
			isa = PBXGroup;
			children = (
				8B397DF5299D70BF0031FCC3 /* costcalculator--iOS--Info.plist */,
				8B397DF4299D70B10031FCC3 /* costcalculator (iOS).entitlements */,
				8B9381EE299D699700CB9C6E /* Shared */,
				8B9381FD299D699800CB9C6E /* macOS */,
				8B9381F7299D699800CB9C6E /* Products */,
			);
			sourceTree = "<group>";
		};
		8B9381EE299D699700CB9C6E /* Shared */ = {
			isa = PBXGroup;
			children = (
				8B9381EF299D699700CB9C6E /* costcalculatorApp.swift */,
				8B9381F0299D699700CB9C6E /* ContentView.swift */,
				8BBCD49A299D721800615EE1 /* SwiftUIView.swift */,
				8B9381F1299D699800CB9C6E /* Assets.xcassets */,
				8BBCD49E299D733400615EE1 /* SwiftUIView2.swift */,
			);
			path = Shared;
			sourceTree = "<group>";
		};
		8B9381F7299D699800CB9C6E /* Products */ = {
			isa = PBXGroup;
			children = (
				8B9381F6299D699800CB9C6E /* costcalculator.app */,
				8B9381FC299D699800CB9C6E /* costcalculator.app */,
			);
			name = Products;
			sourceTree = "<group>";
		};
		8B9381FD299D699800CB9C6E /* macOS */ = {
			isa = PBXGroup;
			children = (
				8B9381FE299D699800CB9C6E /* macOS.entitlements */,
			);
			path = macOS;
			sourceTree = "<group>";
		};
/* End PBXGroup section */

/* Begin PBXNativeTarget section */
		8B9381F5299D699800CB9C6E /* costcalculator (iOS) */ = {
			isa = PBXNativeTarget;
			buildConfigurationList = 8B938207299D699800CB9C6E /* Build configuration list for PBXNativeTarget "costcalculator (iOS)" */;
			buildPhases = (
				8B9381F2299D699800CB9C6E /* Sources */,
				8B9381F3299D699800CB9C6E /* Frameworks */,
				8B9381F4299D699800CB9C6E /* Resources */,
			);
			buildRules = (
			);
			dependencies = (
			);
			name = "costcalculator (iOS)";
			productName = "costcalculator (iOS)";
			productReference = 8B9381F6299D699800CB9C6E /* costcalculator.app */;
			productType = "com.apple.product-type.application";
		};
		8B9381FB299D699800CB9C6E /* costcalculator (macOS) */ = {
			isa = PBXNativeTarget;
			buildConfigurationList = 8B93820A299D699800CB9C6E /* Build configuration list for PBXNativeTarget "costcalculator (macOS)" */;
			buildPhases = (
				8B9381F8299D699800CB9C6E /* Sources */,
				8B9381F9299D699800CB9C6E /* Frameworks */,
				8B9381FA299D699800CB9C6E /* Resources */,
			);
			buildRules = (
			);
			dependencies = (
			);
			name = "costcalculator (macOS)";
			productName = "costcalculator (macOS)";
			productReference = 8B9381FC299D699800CB9C6E /* costcalculator.app */;
			productType = "com.apple.product-type.application";
		};
/* End PBXNativeTarget section */

/* Begin PBXProject section */
		8B9381EA299D699700CB9C6E /* Project object */ = {
			isa = PBXProject;
			attributes = {
				BuildIndependentTargetsInParallel = 1;
				LastSwiftUpdateCheck = 1340;
				LastUpgradeCheck = 1340;
				TargetAttributes = {
					8B9381F5299D699800CB9C6E = {
						CreatedOnToolsVersion = 13.4.1;
					};
					8B9381FB299D699800CB9C6E = {
						CreatedOnToolsVersion = 13.4.1;
					};
				};
			};
			buildConfigurationList = 8B9381ED299D699700CB9C6E /* Build configuration list for PBXProject "costcalculator" */;
			compatibilityVersion = "Xcode 13.0";
			developmentRegion = en;
			hasScannedForEncodings = 0;
			knownRegions = (
				en,
				Base,
			);
			mainGroup = 8B9381E9299D699700CB9C6E;
			productRefGroup = 8B9381F7299D699800CB9C6E /* Products */;
			projectDirPath = "";
			projectRoot = "";
			targets = (
				8B9381F5299D699800CB9C6E /* costcalculator (iOS) */,
				8B9381FB299D699800CB9C6E /* costcalculator (macOS) */,
			);
		};
/* End PBXProject section */

/* Begin PBXResourcesBuildPhase section */
		8B9381F4299D699800CB9C6E /* Resources */ = {
			isa = PBXResourcesBuildPhase;
			buildActionMask = 2147483647;
			files = (
				8B938203299D699800CB9C6E /* Assets.xcassets in Resources */,
			);
			runOnlyForDeploymentPostprocessing = 0;
		};
		8B9381FA299D699800CB9C6E /* Resources */ = {
			isa = PBXResourcesBuildPhase;
			buildActionMask = 2147483647;
			files = (
				8B938204299D699800CB9C6E /* Assets.xcassets in Resources */,
			);
			runOnlyForDeploymentPostprocessing = 0;
		};
/* End PBXResourcesBuildPhase section */

/* Begin PBXSourcesBuildPhase section */
		8B9381F2299D699800CB9C6E /* Sources */ = {
			isa = PBXSourcesBuildPhase;
			buildActionMask = 2147483647;
			files = (
				8B938201299D699800CB9C6E /* ContentView.swift in Sources */,
				8B9381FF299D699800CB9C6E /* costcalculatorApp.swift in Sources */,
				8BBCD49D299D732600615EE1 /* SwiftUIView.swift in Sources */,
			);
			runOnlyForDeploymentPostprocessing = 0;
		};
		8B9381F8299D699800CB9C6E /* Sources */ = {
			isa = PBXSourcesBuildPhase;
			buildActionMask = 2147483647;
			files = (
				8B938202299D699800CB9C6E /* ContentView.swift in Sources */,
				8BBCD49F299D733400615EE1 /* SwiftUIView2.swift in Sources */,
				8B938200299D699800CB9C6E /* costcalculatorApp.swift in Sources */,
				8BBCD49C299D721800615EE1 /* SwiftUIView.swift in Sources */,
			);
			runOnlyForDeploymentPostprocessing = 0;
		};
/* End PBXSourcesBuildPhase section */

/* Begin XCBuildConfiguration section */
		8B938205299D699800CB9C6E /* Debug */ = {
			isa = XCBuildConfiguration;
			buildSettings = {
				ALWAYS_SEARCH_USER_PATHS = NO;
				CLANG_ANALYZER_NONNULL = YES;
				CLANG_ANALYZER_NUMBER_OBJECT_CONVERSION = YES_AGGRESSIVE;
				CLANG_CXX_LANGUAGE_STANDARD = "gnu++17";
				CLANG_ENABLE_MODULES = YES;
				CLANG_ENABLE_OBJC_ARC = YES;
				CLANG_ENABLE_OBJC_WEAK = YES;
				CLANG_WARN_BLOCK_CAPTURE_AUTORELEASING = YES;
				CLANG_WARN_BOOL_CONVERSION = YES;
				CLANG_WARN_COMMA = YES;
				CLANG_WARN_CONSTANT_CONVERSION = YES;
				CLANG_WARN_DEPRECATED_OBJC_IMPLEMENTATIONS = YES;
				CLANG_WARN_DIRECT_OBJC_ISA_USAGE = YES_ERROR;
				CLANG_WARN_DOCUMENTATION_COMMENTS = YES;
				CLANG_WARN_EMPTY_BODY = YES;
				CLANG_WARN_ENUM_CONVERSION = YES;
				CLANG_WARN_INFINITE_RECURSION = YES;
				CLANG_WARN_INT_CONVERSION = YES;
				CLANG_WARN_NON_LITERAL_NULL_CONVERSION = YES;
				CLANG_WARN_OBJC_IMPLICIT_RETAIN_SELF = YES;
				CLANG_WARN_OBJC_LITERAL_CONVERSION = YES;
				CLANG_WARN_OBJC_ROOT_CLASS = YES_ERROR;
				CLANG_WARN_QUOTED_INCLUDE_IN_FRAMEWORK_HEADER = YES;
				CLANG_WARN_RANGE_LOOP_ANALYSIS = YES;
				CLANG_WARN_STRICT_PROTOTYPES = YES;
				CLANG_WARN_SUSPICIOUS_MOVE = YES;
				CLANG_WARN_UNGUARDED_AVAILABILITY = YES_AGGRESSIVE;
				CLANG_WARN_UNREACHABLE_CODE = YES;
				CLANG_WARN__DUPLICATE_METHOD_MATCH = YES;
				COPY_PHASE_STRIP = NO;
				DEBUG_INFORMATION_FORMAT = dwarf;
				ENABLE_STRICT_OBJC_MSGSEND = YES;
				ENABLE_TESTABILITY = YES;
				GCC_C_LANGUAGE_STANDARD = gnu11;
				GCC_DYNAMIC_NO_PIC = NO;
				GCC_NO_COMMON_BLOCKS = YES;
				GCC_OPTIMIZATION_LEVEL = 0;
				GCC_PREPROCESSOR_DEFINITIONS = (
					"DEBUG=1",
					"$(inherited)",
				);
				GCC_WARN_64_TO_32_BIT_CONVERSION = YES;
				GCC_WARN_ABOUT_RETURN_TYPE = YES_ERROR;
				GCC_WARN_UNDECLARED_SELECTOR = YES;
				GCC_WARN_UNINITIALIZED_AUTOS = YES_AGGRESSIVE;
				GCC_WARN_UNUSED_FUNCTION = YES;
				GCC_WARN_UNUSED_VARIABLE = YES;
				MTL_ENABLE_DEBUG_INFO = INCLUDE_SOURCE;
				MTL_FAST_MATH = YES;
				ONLY_ACTIVE_ARCH = YES;
				SWIFT_ACTIVE_COMPILATION_CONDITIONS = DEBUG;
				SWIFT_OPTIMIZATION_LEVEL = "-Onone";
			};
			name = Debug;
		};
		8B938206299D699800CB9C6E /* Release */ = {
			isa = XCBuildConfiguration;
			buildSettings = {
				ALWAYS_SEARCH_USER_PATHS = NO;
				CLANG_ANALYZER_NONNULL = YES;
				CLANG_ANALYZER_NUMBER_OBJECT_CONVERSION = YES_AGGRESSIVE;
				CLANG_CXX_LANGUAGE_STANDARD = "gnu++17";
				CLANG_ENABLE_MODULES = YES;
				CLANG_ENABLE_OBJC_ARC = YES;
				CLANG_ENABLE_OBJC_WEAK = YES;
				CLANG_WARN_BLOCK_CAPTURE_AUTORELEASING = YES;
				CLANG_WARN_BOOL_CONVERSION = YES;
				CLANG_WARN_COMMA = YES;
				CLANG_WARN_CONSTANT_CONVERSION = YES;
				CLANG_WARN_DEPRECATED_OBJC_IMPLEMENTATIONS = YES;
				CLANG_WARN_DIRECT_OBJC_ISA_USAGE = YES_ERROR;
				CLANG_WARN_DOCUMENTATION_COMMENTS = YES;
				CLANG_WARN_EMPTY_BODY = YES;
				CLANG_WARN_ENUM_CONVERSION = YES;
				CLANG_WARN_INFINITE_RECURSION = YES;
				CLANG_WARN_INT_CONVERSION = YES;
				CLANG_WARN_NON_LITERAL_NULL_CONVERSION = YES;
				CLANG_WARN_OBJC_IMPLICIT_RETAIN_SELF = YES;
				CLANG_WARN_OBJC_LITERAL_CONVERSION = YES;
				CLANG_WARN_OBJC_ROOT_CLASS = YES_ERROR;
				CLANG_WARN_QUOTED_INCLUDE_IN_FRAMEWORK_HEADER = YES;
				CLANG_WARN_RANGE_LOOP_ANALYSIS = YES;
				CLANG_WARN_STRICT_PROTOTYPES = YES;
				CLANG_WARN_SUSPICIOUS_MOVE = YES;
				CLANG_WARN_UNGUARDED_AVAILABILITY = YES_AGGRESSIVE;
				CLANG_WARN_UNREACHABLE_CODE = YES;
				CLANG_WARN__DUPLICATE_METHOD_MATCH = YES;
				COPY_PHASE_STRIP = NO;
				DEBUG_INFORMATION_FORMAT = "dwarf-with-dsym";
				ENABLE_NS_ASSERTIONS = NO;
				ENABLE_STRICT_OBJC_MSGSEND = YES;
				GCC_C_LANGUAGE_STANDARD = gnu11;
				GCC_NO_COMMON_BLOCKS = YES;
				GCC_WARN_64_TO_32_BIT_CONVERSION = YES;
				GCC_WARN_ABOUT_RETURN_TYPE = YES_ERROR;
				GCC_WARN_UNDECLARED_SELECTOR = YES;
				GCC_WARN_UNINITIALIZED_AUTOS = YES_AGGRESSIVE;
				GCC_WARN_UNUSED_FUNCTION = YES;
				GCC_WARN_UNUSED_VARIABLE = YES;
				MTL_ENABLE_DEBUG_INFO = NO;
				MTL_FAST_MATH = YES;
				SWIFT_COMPILATION_MODE = wholemodule;
				SWIFT_OPTIMIZATION_LEVEL = "-O";
			};
			name = Release;
		};
		8B938208299D699800CB9C6E /* Debug */ = {
			isa = XCBuildConfiguration;
			buildSettings = {
				ASSETCATALOG_COMPILER_APPICON_NAME = AppIcon;
				ASSETCATALOG_COMPILER_GLOBAL_ACCENT_COLOR_NAME = AccentColor;
				CODE_SIGN_ENTITLEMENTS = "costcalculator (iOS).entitlements";
				CODE_SIGN_IDENTITY = "Apple Development";
				CODE_SIGN_STYLE = Automatic;
				CURRENT_PROJECT_VERSION = 1;
				DEVELOPMENT_TEAM = XQ85664453;
				ENABLE_PREVIEWS = YES;
				GENERATE_INFOPLIST_FILE = YES;
				INFOPLIST_FILE = "costcalculator--iOS--Info.plist";
				INFOPLIST_KEY_UIApplicationSupportsIndirectInputEvents = YES;
				INFOPLIST_KEY_UILaunchScreen_Generation = YES;
				INFOPLIST_KEY_UISupportedInterfaceOrientations_iPad = "UIInterfaceOrientationPortrait UIInterfaceOrientationPortraitUpsideDown UIInterfaceOrientationLandscapeLeft UIInterfaceOrientationLandscapeRight";
				INFOPLIST_KEY_UISupportedInterfaceOrientations_iPhone = "UIInterfaceOrientationPortrait UIInterfaceOrientationLandscapeLeft UIInterfaceOrientationLandscapeRight";
				IPHONEOS_DEPLOYMENT_TARGET = 15.5;
				LD_RUNPATH_SEARCH_PATHS = (
					"$(inherited)",
					"@executable_path/Frameworks",
				);
				MARKETING_VERSION = 1.0;
				PRODUCT_BUNDLE_IDENTIFIER = com.troopermusic.costcalculator;
				PRODUCT_NAME = costcalculator;
				PROVISIONING_PROFILE_SPECIFIER = "";
				SDKROOT = iphoneos;
				SUPPORTS_MACCATALYST = NO;
				SWIFT_EMIT_LOC_STRINGS = YES;
				SWIFT_VERSION = 5.0;
				TARGETED_DEVICE_FAMILY = "1,2";
			};
			name = Debug;
		};
		8B938209299D699800CB9C6E /* Release */ = {
			isa = XCBuildConfiguration;
			buildSettings = {
				ASSETCATALOG_COMPILER_APPICON_NAME = AppIcon;
				ASSETCATALOG_COMPILER_GLOBAL_ACCENT_COLOR_NAME = AccentColor;
				CODE_SIGN_ENTITLEMENTS = "costcalculator (iOS).entitlements";
				CODE_SIGN_IDENTITY = "Apple Development";
				CODE_SIGN_STYLE = Automatic;
				CURRENT_PROJECT_VERSION = 1;
				DEVELOPMENT_TEAM = XQ85664453;
				ENABLE_PREVIEWS = YES;
				GENERATE_INFOPLIST_FILE = YES;
				INFOPLIST_FILE = "costcalculator--iOS--Info.plist";
				INFOPLIST_KEY_UIApplicationSupportsIndirectInputEvents = YES;
				INFOPLIST_KEY_UILaunchScreen_Generation = YES;
				INFOPLIST_KEY_UISupportedInterfaceOrientations_iPad = "UIInterfaceOrientationPortrait UIInterfaceOrientationPortraitUpsideDown UIInterfaceOrientationLandscapeLeft UIInterfaceOrientationLandscapeRight";
				INFOPLIST_KEY_UISupportedInterfaceOrientations_iPhone = "UIInterfaceOrientationPortrait UIInterfaceOrientationLandscapeLeft UIInterfaceOrientationLandscapeRight";
				IPHONEOS_DEPLOYMENT_TARGET = 15.5;
				LD_RUNPATH_SEARCH_PATHS = (
					"$(inherited)",
					"@executable_path/Frameworks",
				);
				MARKETING_VERSION = 1.0;
				PRODUCT_BUNDLE_IDENTIFIER = com.troopermusic.costcalculator;
				PRODUCT_NAME = costcalculator;
				PROVISIONING_PROFILE_SPECIFIER = "";
				SDKROOT = iphoneos;
				SUPPORTS_MACCATALYST = NO;
				SWIFT_EMIT_LOC_STRINGS = YES;
				SWIFT_VERSION = 5.0;
				TARGETED_DEVICE_FAMILY = "1,2";
				VALIDATE_PRODUCT = YES;
			};
			name = Release;
		};
		8B93820B299D699800CB9C6E /* Debug */ = {
			isa = XCBuildConfiguration;
			buildSettings = {
				ASSETCATALOG_COMPILER_APPICON_NAME = AppIcon;
				ASSETCATALOG_COMPILER_GLOBAL_ACCENT_COLOR_NAME = AccentColor;
				CODE_SIGN_ENTITLEMENTS = macOS/macOS.entitlements;
				CODE_SIGN_STYLE = Automatic;
				COMBINE_HIDPI_IMAGES = YES;
				CURRENT_PROJECT_VERSION = 1;
				ENABLE_PREVIEWS = YES;
				GENERATE_INFOPLIST_FILE = YES;
				INFOPLIST_KEY_NSHumanReadableCopyright = "";
				LD_RUNPATH_SEARCH_PATHS = (
					"$(inherited)",
					"@executable_path/../Frameworks",
				);
				MACOSX_DEPLOYMENT_TARGET = 12.3;
				MARKETING_VERSION = 1.0;
				PRODUCT_BUNDLE_IDENTIFIER = com.troopermusic.costcalculator;
				PRODUCT_NAME = costcalculator;
				SDKROOT = macosx;
				SWIFT_EMIT_LOC_STRINGS = YES;
				SWIFT_VERSION = 5.0;
			};
			name = Debug;
		};
		8B93820C299D699800CB9C6E /* Release */ = {
			isa = XCBuildConfiguration;
			buildSettings = {
				ASSETCATALOG_COMPILER_APPICON_NAME = AppIcon;
				ASSETCATALOG_COMPILER_GLOBAL_ACCENT_COLOR_NAME = AccentColor;
				CODE_SIGN_ENTITLEMENTS = macOS/macOS.entitlements;
				CODE_SIGN_STYLE = Automatic;
				COMBINE_HIDPI_IMAGES = YES;
				CURRENT_PROJECT_VERSION = 1;
				ENABLE_PREVIEWS = YES;
				GENERATE_INFOPLIST_FILE = YES;
				INFOPLIST_KEY_NSHumanReadableCopyright = "";
				LD_RUNPATH_SEARCH_PATHS = (
					"$(inherited)",
					"@executable_path/../Frameworks",
				);
				MACOSX_DEPLOYMENT_TARGET = 12.3;
				MARKETING_VERSION = 1.0;
				PRODUCT_BUNDLE_IDENTIFIER = com.troopermusic.costcalculator;
				PRODUCT_NAME = costcalculator;
				SDKROOT = macosx;
				SWIFT_EMIT_LOC_STRINGS = YES;
				SWIFT_VERSION = 5.0;
			};
			name = Release;
		};
/* End XCBuildConfiguration section */

/* Begin XCConfigurationList section */
		8B9381ED299D699700CB9C6E /* Build configuration list for PBXProject "costcalculator" */ = {
			isa = XCConfigurationList;
			buildConfigurations = (
				8B938205299D699800CB9C6E /* Debug */,
				8B938206299D699800CB9C6E /* Release */,
			);
			defaultConfigurationIsVisible = 0;
			defaultConfigurationName = Release;
		};
		8B938207299D699800CB9C6E /* Build configuration list for PBXNativeTarget "costcalculator (iOS)" */ = {
			isa = XCConfigurationList;
			buildConfigurations = (
				8B938208299D699800CB9C6E /* Debug */,
				8B938209299D699800CB9C6E /* Release */,
			);
			defaultConfigurationIsVisible = 0;
			defaultConfigurationName = Release;
		};
		8B93820A299D699800CB9C6E /* Build configuration list for PBXNativeTarget "costcalculator (macOS)" */ = {
			isa = XCConfigurationList;
			buildConfigurations = (
				8B93820B299D699800CB9C6E /* Debug */,
				8B93820C299D699800CB9C6E /* Release */,
			);
			defaultConfigurationIsVisible = 0;
			defaultConfigurationName = Release;
		};
/* End XCConfigurationList section */
	};
	rootObject = 8B9381EA299D699700CB9C6E /* Project object */;
}
